<?xml version="1.0" encoding="UTF-8"?>
<CodeBlocks_project_file>
	<FileVersion major="1" minor="6"/>
	<Project>
		<Option title="griddisplay"/>
		<Option makefile_is_custom="1"/>
		<Option compiler="gcc"/>
		<Option virtualFolders="CMake Files\;"/>
		<Build>
			<Target title="all">
				<Option working_dir="/home/extremer/Projects/fh/bes/Vehicle-Test-Grid"/>
				<Option type="4"/>
				<MakeCommands>
					<Build command="/usr/bin/make -j8 -f &quot;/home/extremer/Projects/fh/bes/Vehicle-Test-Grid/Makefile&quot;  VERBOSE=1 all"/>
					<CompileFile command="/usr/bin/make -j8 -f &quot;/home/extremer/Projects/fh/bes/Vehicle-Test-Grid/Makefile&quot;  VERBOSE=1 &quot;$file&quot;"/>
					<Clean command="/usr/bin/make -j8 -f &quot;/home/extremer/Projects/fh/bes/Vehicle-Test-Grid/Makefile&quot;  VERBOSE=1 clean"/>
					<DistClean command="/usr/bin/make -j8 -f &quot;/home/extremer/Projects/fh/bes/Vehicle-Test-Grid/Makefile&quot;  VERBOSE=1 clean"/>
				</MakeCommands>
			</Target>
			<Target title="rebuild_cache">
				<Option working_dir="/home/extremer/Projects/fh/bes/Vehicle-Test-Grid"/>
				<Option type="4"/>
				<MakeCommands>
					<Build command="/usr/bin/make -j8 -f &quot;/home/extremer/Projects/fh/bes/Vehicle-Test-Grid/Makefile&quot;  VERBOSE=1 rebuild_cache"/>
					<CompileFile command="/usr/bin/make -j8 -f &quot;/home/extremer/Projects/fh/bes/Vehicle-Test-Grid/Makefile&quot;  VERBOSE=1 &quot;$file&quot;"/>
					<Clean command="/usr/bin/make -j8 -f &quot;/home/extremer/Projects/fh/bes/Vehicle-Test-Grid/Makefile&quot;  VERBOSE=1 clean"/>
					<DistClean command="/usr/bin/make -j8 -f &quot;/home/extremer/Projects/fh/bes/Vehicle-Test-Grid/Makefile&quot;  VERBOSE=1 clean"/>
				</MakeCommands>
			</Target>
			<Target title="gridserver">
				<Option output="/home/extremer/Projects/fh/bes/Vehicle-Test-Grid/gridserver" prefix_auto="0" extension_auto="0"/>
				<Option working_dir="/home/extremer/Projects/fh/bes/Vehicle-Test-Grid"/>
				<Option object_output="./"/>
				<Option type="1"/>
				<Option compiler="gcc"/>
				<Compiler>
					<Add directory="/usr/include/c++/9"/>
					<Add directory="/usr/include/x86_64-linux-gnu/c++/9"/>
					<Add directory="/usr/include/c++/9/backward"/>
					<Add directory="/usr/lib/gcc/x86_64-linux-gnu/9/include"/>
					<Add directory="/usr/local/include"/>
					<Add directory="/usr/lib/gcc/x86_64-linux-gnu/9/include-fixed"/>
					<Add directory="/usr/include/x86_64-linux-gnu"/>
					<Add directory="/usr/include"/>
				</Compiler>
				<MakeCommands>
					<Build command="/usr/bin/make -j8 -f &quot;/home/extremer/Projects/fh/bes/Vehicle-Test-Grid/Makefile&quot;  VERBOSE=1 gridserver"/>
					<CompileFile command="/usr/bin/make -j8 -f &quot;/home/extremer/Projects/fh/bes/Vehicle-Test-Grid/Makefile&quot;  VERBOSE=1 &quot;$file&quot;"/>
					<Clean command="/usr/bin/make -j8 -f &quot;/home/extremer/Projects/fh/bes/Vehicle-Test-Grid/Makefile&quot;  VERBOSE=1 clean"/>
					<DistClean command="/usr/bin/make -j8 -f &quot;/home/extremer/Projects/fh/bes/Vehicle-Test-Grid/Makefile&quot;  VERBOSE=1 clean"/>
				</MakeCommands>
			</Target>
			<Target title="gridserver/fast">
				<Option output="/home/extremer/Projects/fh/bes/Vehicle-Test-Grid/gridserver" prefix_auto="0" extension_auto="0"/>
				<Option working_dir="/home/extremer/Projects/fh/bes/Vehicle-Test-Grid"/>
				<Option object_output="./"/>
				<Option type="1"/>
				<Option compiler="gcc"/>
				<Compiler>
					<Add directory="/usr/include/c++/9"/>
					<Add directory="/usr/include/x86_64-linux-gnu/c++/9"/>
					<Add directory="/usr/include/c++/9/backward"/>
					<Add directory="/usr/lib/gcc/x86_64-linux-gnu/9/include"/>
					<Add directory="/usr/local/include"/>
					<Add directory="/usr/lib/gcc/x86_64-linux-gnu/9/include-fixed"/>
					<Add directory="/usr/include/x86_64-linux-gnu"/>
					<Add directory="/usr/include"/>
				</Compiler>
				<MakeCommands>
					<Build command="/usr/bin/make -j8 -f &quot;/home/extremer/Projects/fh/bes/Vehicle-Test-Grid/Makefile&quot;  VERBOSE=1 gridserver/fast"/>
					<CompileFile command="/usr/bin/make -j8 -f &quot;/home/extremer/Projects/fh/bes/Vehicle-Test-Grid/Makefile&quot;  VERBOSE=1 &quot;$file&quot;"/>
					<Clean command="/usr/bin/make -j8 -f &quot;/home/extremer/Projects/fh/bes/Vehicle-Test-Grid/Makefile&quot;  VERBOSE=1 clean"/>
					<DistClean command="/usr/bin/make -j8 -f &quot;/home/extremer/Projects/fh/bes/Vehicle-Test-Grid/Makefile&quot;  VERBOSE=1 clean"/>
				</MakeCommands>
			</Target>
			<Target title="griddisplay">
				<Option output="/home/extremer/Projects/fh/bes/Vehicle-Test-Grid/griddisplay" prefix_auto="0" extension_auto="0"/>
				<Option working_dir="/home/extremer/Projects/fh/bes/Vehicle-Test-Grid"/>
				<Option object_output="./"/>
				<Option type="1"/>
				<Option compiler="gcc"/>
				<Compiler>
					<Add directory="/usr/include/c++/9"/>
					<Add directory="/usr/include/x86_64-linux-gnu/c++/9"/>
					<Add directory="/usr/include/c++/9/backward"/>
					<Add directory="/usr/lib/gcc/x86_64-linux-gnu/9/include"/>
					<Add directory="/usr/local/include"/>
					<Add directory="/usr/lib/gcc/x86_64-linux-gnu/9/include-fixed"/>
					<Add directory="/usr/include/x86_64-linux-gnu"/>
					<Add directory="/usr/include"/>
				</Compiler>
				<MakeCommands>
					<Build command="/usr/bin/make -j8 -f &quot;/home/extremer/Projects/fh/bes/Vehicle-Test-Grid/Makefile&quot;  VERBOSE=1 griddisplay"/>
					<CompileFile command="/usr/bin/make -j8 -f &quot;/home/extremer/Projects/fh/bes/Vehicle-Test-Grid/Makefile&quot;  VERBOSE=1 &quot;$file&quot;"/>
					<Clean command="/usr/bin/make -j8 -f &quot;/home/extremer/Projects/fh/bes/Vehicle-Test-Grid/Makefile&quot;  VERBOSE=1 clean"/>
					<DistClean command="/usr/bin/make -j8 -f &quot;/home/extremer/Projects/fh/bes/Vehicle-Test-Grid/Makefile&quot;  VERBOSE=1 clean"/>
				</MakeCommands>
			</Target>
			<Target title="griddisplay/fast">
				<Option output="/home/extremer/Projects/fh/bes/Vehicle-Test-Grid/griddisplay" prefix_auto="0" extension_auto="0"/>
				<Option working_dir="/home/extremer/Projects/fh/bes/Vehicle-Test-Grid"/>
				<Option object_output="./"/>
				<Option type="1"/>
				<Option compiler="gcc"/>
				<Compiler>
					<Add directory="/usr/include/c++/9"/>
					<Add directory="/usr/include/x86_64-linux-gnu/c++/9"/>
					<Add directory="/usr/include/c++/9/backward"/>
					<Add directory="/usr/lib/gcc/x86_64-linux-gnu/9/include"/>
					<Add directory="/usr/local/include"/>
					<Add directory="/usr/lib/gcc/x86_64-linux-gnu/9/include-fixed"/>
					<Add directory="/usr/include/x86_64-linux-gnu"/>
					<Add directory="/usr/include"/>
				</Compiler>
				<MakeCommands>
					<Build command="/usr/bin/make -j8 -f &quot;/home/extremer/Projects/fh/bes/Vehicle-Test-Grid/Makefile&quot;  VERBOSE=1 griddisplay/fast"/>
					<CompileFile command="/usr/bin/make -j8 -f &quot;/home/extremer/Projects/fh/bes/Vehicle-Test-Grid/Makefile&quot;  VERBOSE=1 &quot;$file&quot;"/>
					<Clean command="/usr/bin/make -j8 -f &quot;/home/extremer/Projects/fh/bes/Vehicle-Test-Grid/Makefile&quot;  VERBOSE=1 clean"/>
					<DistClean command="/usr/bin/make -j8 -f &quot;/home/extremer/Projects/fh/bes/Vehicle-Test-Grid/Makefile&quot;  VERBOSE=1 clean"/>
				</MakeCommands>
			</Target>
			<Target title="edit_cache">
				<Option working_dir="/home/extremer/Projects/fh/bes/Vehicle-Test-Grid"/>
				<Option type="4"/>
				<MakeCommands>
					<Build command="/usr/bin/make -j8 -f &quot;/home/extremer/Projects/fh/bes/Vehicle-Test-Grid/Makefile&quot;  VERBOSE=1 edit_cache"/>
					<CompileFile command="/usr/bin/make -j8 -f &quot;/home/extremer/Projects/fh/bes/Vehicle-Test-Grid/Makefile&quot;  VERBOSE=1 &quot;$file&quot;"/>
					<Clean command="/usr/bin/make -j8 -f &quot;/home/extremer/Projects/fh/bes/Vehicle-Test-Grid/Makefile&quot;  VERBOSE=1 clean"/>
					<DistClean command="/usr/bin/make -j8 -f &quot;/home/extremer/Projects/fh/bes/Vehicle-Test-Grid/Makefile&quot;  VERBOSE=1 clean"/>
				</MakeCommands>
			</Target>
			<Target title="vehicleclient">
				<Option output="/home/extremer/Projects/fh/bes/Vehicle-Test-Grid/vehicleclient" prefix_auto="0" extension_auto="0"/>
				<Option working_dir="/home/extremer/Projects/fh/bes/Vehicle-Test-Grid"/>
				<Option object_output="./"/>
				<Option type="1"/>
				<Option compiler="gcc"/>
				<Compiler>
					<Add directory="/usr/include/c++/9"/>
					<Add directory="/usr/include/x86_64-linux-gnu/c++/9"/>
					<Add directory="/usr/include/c++/9/backward"/>
					<Add directory="/usr/lib/gcc/x86_64-linux-gnu/9/include"/>
					<Add directory="/usr/local/include"/>
					<Add directory="/usr/lib/gcc/x86_64-linux-gnu/9/include-fixed"/>
					<Add directory="/usr/include/x86_64-linux-gnu"/>
					<Add directory="/usr/include"/>
				</Compiler>
				<MakeCommands>
					<Build command="/usr/bin/make -j8 -f &quot;/home/extremer/Projects/fh/bes/Vehicle-Test-Grid/Makefile&quot;  VERBOSE=1 vehicleclient"/>
					<CompileFile command="/usr/bin/make -j8 -f &quot;/home/extremer/Projects/fh/bes/Vehicle-Test-Grid/Makefile&quot;  VERBOSE=1 &quot;$file&quot;"/>
					<Clean command="/usr/bin/make -j8 -f &quot;/home/extremer/Projects/fh/bes/Vehicle-Test-Grid/Makefile&quot;  VERBOSE=1 clean"/>
					<DistClean command="/usr/bin/make -j8 -f &quot;/home/extremer/Projects/fh/bes/Vehicle-Test-Grid/Makefile&quot;  VERBOSE=1 clean"/>
				</MakeCommands>
			</Target>
			<Target title="vehicleclient/fast">
				<Option output="/home/extremer/Projects/fh/bes/Vehicle-Test-Grid/vehicleclient" prefix_auto="0" extension_auto="0"/>
				<Option working_dir="/home/extremer/Projects/fh/bes/Vehicle-Test-Grid"/>
				<Option object_output="./"/>
				<Option type="1"/>
				<Option compiler="gcc"/>
				<Compiler>
					<Add directory="/usr/include/c++/9"/>
					<Add directory="/usr/include/x86_64-linux-gnu/c++/9"/>
					<Add directory="/usr/include/c++/9/backward"/>
					<Add directory="/usr/lib/gcc/x86_64-linux-gnu/9/include"/>
					<Add directory="/usr/local/include"/>
					<Add directory="/usr/lib/gcc/x86_64-linux-gnu/9/include-fixed"/>
					<Add directory="/usr/include/x86_64-linux-gnu"/>
					<Add directory="/usr/include"/>
				</Compiler>
				<MakeCommands>
					<Build command="/usr/bin/make -j8 -f &quot;/home/extremer/Projects/fh/bes/Vehicle-Test-Grid/Makefile&quot;  VERBOSE=1 vehicleclient/fast"/>
					<CompileFile command="/usr/bin/make -j8 -f &quot;/home/extremer/Projects/fh/bes/Vehicle-Test-Grid/Makefile&quot;  VERBOSE=1 &quot;$file&quot;"/>
					<Clean command="/usr/bin/make -j8 -f &quot;/home/extremer/Projects/fh/bes/Vehicle-Test-Grid/Makefile&quot;  VERBOSE=1 clean"/>
					<DistClean command="/usr/bin/make -j8 -f &quot;/home/extremer/Projects/fh/bes/Vehicle-Test-Grid/Makefile&quot;  VERBOSE=1 clean"/>
				</MakeCommands>
			</Target>
		</Build>
		<Unit filename="/home/extremer/Projects/fh/bes/Vehicle-Test-Grid/client/main.cpp">
			<Option target="vehicleclient"/>
		</Unit>
		<Unit filename="/home/extremer/Projects/fh/bes/Vehicle-Test-Grid/display/display_main.cpp">
			<Option target="griddisplay"/>
		</Unit>
		<Unit filename="/home/extremer/Projects/fh/bes/Vehicle-Test-Grid/display/display_main.h">
			<Option target="griddisplay"/>
		</Unit>
		<Unit filename="/home/extremer/Projects/fh/bes/Vehicle-Test-Grid/server/RaceField.cpp">
			<Option target="gridserver"/>
		</Unit>
		<Unit filename="/home/extremer/Projects/fh/bes/Vehicle-Test-Grid/server/RaceField.h">
			<Option target="gridserver"/>
		</Unit>
		<Unit filename="/home/extremer/Projects/fh/bes/Vehicle-Test-Grid/server/StringUtil.cpp">
			<Option target="gridserver"/>
		</Unit>
		<Unit filename="/home/extremer/Projects/fh/bes/Vehicle-Test-Grid/server/StringUtil.h">
			<Option target="gridserver"/>
		</Unit>
		<Unit filename="/home/extremer/Projects/fh/bes/Vehicle-Test-Grid/server/main.cpp">
			<Option target="gridserver"/>
		</Unit>
		<Unit filename="/home/extremer/Projects/fh/bes/Vehicle-Test-Grid/server/server.h">
			<Option target="gridserver"/>
		</Unit>
		<Unit filename="/home/extremer/Projects/fh/bes/Vehicle-Test-Grid/CMakeLists.txt">
			<Option virtualFolder="CMake Files\"/>
		</Unit>
	</Project>
</CodeBlocks_project_file>
